
Microsoft Visual Studio Solution File, Format Version 12.00
# Visual Studio Version 17
VisualStudioVersion = 17.10.35013.160
MinimumVisualStudioVersion = 10.0.40219.1
Project("{9A19103F-16F7-4668-BE54-9A1E7A4F7556}") = "MsGraphSamples.Services", "MsGraphSamples.Services\MsGraphSamples.Services.csproj", "{1E9C3189-31E3-4D46-B9B2-CD221E6882B3}"
EndProject
Project("{9A19103F-16F7-4668-BE54-9A1E7A4F7556}") = "MSGraphSamples.WPF", "MsGraphSamples.WPF\MSGraphSamples.WPF.csproj", "{C0A150FB-2AB2-4818-AF59-E6C0BD71D510}"
EndProject
Project("{9A19103F-16F7-4668-BE54-9A1E7A4F7556}") = "MsGraphSamples.WinUI", "MsGraphSamples.WinUI\MsGraphSamples.WinUI.csproj", "{9CA749CB-90C9-4338-8812-2D5939B77233}"
EndProject
Project("{2150E333-8FDC-42A3-9474-1A3956D46DE8}") = "Solution Items", "Solution Items", "{71BC6297-6E86-4824-8F28-38A8EA8E5451}"
	ProjectSection(SolutionItems) = preProject
		LICENSE = LICENSE
		README.md = README.md
		SECURITY.md = SECURITY.md
	EndProjectSection
EndProject
Project("{2150E333-8FDC-42A3-9474-1A3956D46DE8}") = "docs", "docs", "{85C2D888-42F7-43EE-9D5B-FC07E031085D}"
	ProjectSection(SolutionItems) = preProject
		docs\api_permissions.png = docs\api_permissions.png
		docs\app1.png = docs\app1.png
		docs\register_app.png = docs\register_app.png
	EndProjectSection
EndProject
Global
	GlobalSection(SolutionConfigurationPlatforms) = preSolution
		Debug|Any CPU = Debug|Any CPU
		Debug|ARM64 = Debug|ARM64
		Debug|x64 = Debug|x64
		Debug|x86 = Debug|x86
		Release|Any CPU = Release|Any CPU
		Release|ARM64 = Release|ARM64
		Release|x64 = Release|x64
		Release|x86 = Release|x86
	EndGlobalSection
	GlobalSection(ProjectConfigurationPlatforms) = postSolution
		{1E9C3189-31E3-4D46-B9B2-CD221E6882B3}.Debug|Any CPU.ActiveCfg = Debug|Any CPU
		{1E9C3189-31E3-4D46-B9B2-CD221E6882B3}.Debug|Any CPU.Build.0 = Debug|Any CPU
		{1E9C3189-31E3-4D46-B9B2-CD221E6882B3}.Debug|ARM64.ActiveCfg = Debug|Any CPU
		{1E9C3189-31E3-4D46-B9B2-CD221E6882B3}.Debug|ARM64.Build.0 = Debug|Any CPU
		{1E9C3189-31E3-4D46-B9B2-CD221E6882B3}.Debug|x64.ActiveCfg = Debug|Any CPU
		{1E9C3189-31E3-4D46-B9B2-CD221E6882B3}.Debug|x64.Build.0 = Debug|Any CPU
		{1E9C3189-31E3-4D46-B9B2-CD221E6882B3}.Debug|x86.ActiveCfg = Debug|Any CPU
		{1E9C3189-31E3-4D46-B9B2-CD221E6882B3}.Debug|x86.Build.0 = Debug|Any CPU
		{1E9C3189-31E3-4D46-B9B2-CD221E6882B3}.Release|Any CPU.ActiveCfg = Release|Any CPU
		{1E9C3189-31E3-4D46-B9B2-CD221E6882B3}.Release|Any CPU.Build.0 = Release|Any CPU
		{1E9C3189-31E3-4D46-B9B2-CD221E6882B3}.Release|ARM64.ActiveCfg = Release|Any CPU
		{1E9C3189-31E3-4D46-B9B2-CD221E6882B3}.Release|ARM64.Build.0 = Release|Any CPU
		{1E9C3189-31E3-4D46-B9B2-CD221E6882B3}.Release|x64.ActiveCfg = Release|Any CPU
		{1E9C3189-31E3-4D46-B9B2-CD221E6882B3}.Release|x64.Build.0 = Release|Any CPU
		{1E9C3189-31E3-4D46-B9B2-CD221E6882B3}.Release|x86.ActiveCfg = Release|Any CPU
		{1E9C3189-31E3-4D46-B9B2-CD221E6882B3}.Release|x86.Build.0 = Release|Any CPU
		{C0A150FB-2AB2-4818-AF59-E6C0BD71D510}.Debug|Any CPU.ActiveCfg = Debug|Any CPU
		{C0A150FB-2AB2-4818-AF59-E6C0BD71D510}.Debug|Any CPU.Build.0 = Debug|Any CPU
		{C0A150FB-2AB2-4818-AF59-E6C0BD71D510}.Debug|ARM64.ActiveCfg = Debug|Any CPU
		{C0A150FB-2AB2-4818-AF59-E6C0BD71D510}.Debug|ARM64.Build.0 = Debug|Any CPU
		{C0A150FB-2AB2-4818-AF59-E6C0BD71D510}.Debug|x64.ActiveCfg = Debug|Any CPU
		{C0A150FB-2AB2-4818-AF59-E6C0BD71D510}.Debug|x64.Build.0 = Debug|Any CPU
		{C0A150FB-2AB2-4818-AF59-E6C0BD71D510}.Debug|x86.ActiveCfg = Debug|Any CPU
		{C0A150FB-2AB2-4818-AF59-E6C0BD71D510}.Debug|x86.Build.0 = Debug|Any CPU
		{C0A150FB-2AB2-4818-AF59-E6C0BD71D510}.Release|Any CPU.ActiveCfg = Release|Any CPU
		{C0A150FB-2AB2-4818-AF59-E6C0BD71D510}.Release|Any CPU.Build.0 = Release|Any CPU
		{C0A150FB-2AB2-4818-AF59-E6C0BD71D510}.Release|ARM64.ActiveCfg = Release|Any CPU
		{C0A150FB-2AB2-4818-AF59-E6C0BD71D510}.Release|ARM64.Build.0 = Release|Any CPU
		{C0A150FB-2AB2-4818-AF59-E6C0BD71D510}.Release|x64.ActiveCfg = Release|Any CPU
		{C0A150FB-2AB2-4818-AF59-E6C0BD71D510}.Release|x64.Build.0 = Release|Any CPU
		{C0A150FB-2AB2-4818-AF59-E6C0BD71D510}.Release|x86.ActiveCfg = Release|Any CPU
		{C0A150FB-2AB2-4818-AF59-E6C0BD71D510}.Release|x86.Build.0 = Release|Any CPU
		{9CA749CB-90C9-4338-8812-2D5939B77233}.Debug|Any CPU.ActiveCfg = Debug|x64
		{9CA749CB-90C9-4338-8812-2D5939B77233}.Debug|Any CPU.Build.0 = Debug|x64
		{9CA749CB-90C9-4338-8812-2D5939B77233}.Debug|Any CPU.Deploy.0 = Debug|x64
		{9CA749CB-90C9-4338-8812-2D5939B77233}.Debug|ARM64.ActiveCfg = Debug|ARM64
		{9CA749CB-90C9-4338-8812-2D5939B77233}.Debug|ARM64.Build.0 = Debug|ARM64
		{9CA749CB-90C9-4338-8812-2D5939B77233}.Debug|ARM64.Deploy.0 = Debug|ARM64
		{9CA749CB-90C9-4338-8812-2D5939B77233}.Debug|x64.ActiveCfg = Debug|x64
		{9CA749CB-90C9-4338-8812-2D5939B77233}.Debug|x64.Build.0 = Debug|x64
		{9CA749CB-90C9-4338-8812-2D5939B77233}.Debug|x64.Deploy.0 = Debug|x64
		{9CA749CB-90C9-4338-8812-2D5939B77233}.Debug|x86.ActiveCfg = Debug|x86
		{9CA749CB-90C9-4338-8812-2D5939B77233}.Debug|x86.Build.0 = Debug|x86
		{9CA749CB-90C9-4338-8812-2D5939B77233}.Debug|x86.Deploy.0 = Debug|x86
		{9CA749CB-90C9-4338-8812-2D5939B77233}.Release|Any CPU.ActiveCfg = Release|x64
		{9CA749CB-90C9-4338-8812-2D5939B77233}.Release|Any CPU.Build.0 = Release|x64
		{9CA749CB-90C9-4338-8812-2D5939B77233}.Release|Any CPU.Deploy.0 = Release|x64
		{9CA749CB-90C9-4338-8812-2D5939B77233}.Release|ARM64.ActiveCfg = Release|ARM64
		{9CA749CB-90C9-4338-8812-2D5939B77233}.Release|ARM64.Build.0 = Release|ARM64
		{9CA749CB-90C9-4338-8812-2D5939B77233}.Release|ARM64.Deploy.0 = Release|ARM64
		{9CA749CB-90C9-4338-8812-2D5939B77233}.Release|x64.ActiveCfg = Release|x64
		{9CA749CB-90C9-4338-8812-2D5939B77233}.Release|x64.Build.0 = Release|x64
		{9CA749CB-90C9-4338-8812-2D5939B77233}.Release|x64.Deploy.0 = Release|x64
		{9CA749CB-90C9-4338-8812-2D5939B77233}.Release|x86.ActiveCfg = Release|x86
		{9CA749CB-90C9-4338-8812-2D5939B77233}.Release|x86.Build.0 = Release|x86
		{9CA749CB-90C9-4338-8812-2D5939B77233}.Release|x86.Deploy.0 = Release|x86
	EndGlobalSection
	GlobalSection(SolutionProperties) = preSolution
		HideSolutionNode = FALSE
	EndGlobalSection
	GlobalSection(ExtensibilityGlobals) = postSolution
		SolutionGuid = {3AB8D896-57B8-48FB-A381-4E918796CB34}
	EndGlobalSection
EndGlobal
