
Microsoft Visual Studio Solution File, Format Version 12.00
# Visual Studio Version 16
VisualStudioVersion = 16.0.30225.117
MinimumVisualStudioVersion = 10.0.40219.1
Project("{9A19103F-16F7-4668-BE54-9A1E7A4F7556}") = "MsGraphSamples.WPF", "MsGraphSamples.WPF\MsGraphSamples.WPF.csproj", "{86020163-1C2C-47D4-BE25-76597FD50342}"
EndProject
Project("{2150E333-8FDC-42A3-9474-1A3956D46DE8}") = "Solution Items", "Solution Items", "{71BC6297-6E86-4824-8F28-38A8EA8E5451}"
	ProjectSection(SolutionItems) = preProject
		LICENSE = LICENSE
		README.md = README.md
	EndProjectSection
EndProject
Project("{2150E333-8FDC-42A3-9474-1A3956D46DE8}") = "docs", "docs", "{85C2D888-42F7-43EE-9D5B-FC07E031085D}"
	ProjectSection(SolutionItems) = preProject
		docs\api_permissions.png = docs\api_permissions.png
		docs\app1.png = docs\app1.png
		docs\register_app.png = docs\register_app.png
	EndProjectSection
EndProject
Global
	GlobalSection(SolutionConfigurationPlatforms) = preSolution
		Debug|Any CPU = Debug|Any CPU
		Debug|ARM = Debug|ARM
		Debug|ARM64 = Debug|ARM64
		Debug|x64 = Debug|x64
		Debug|x86 = Debug|x86
		Release|Any CPU = Release|Any CPU
		Release|ARM = Release|ARM
		Release|ARM64 = Release|ARM64
		Release|x64 = Release|x64
		Release|x86 = Release|x86
	EndGlobalSection
	GlobalSection(ProjectConfigurationPlatforms) = postSolution
		{86020163-1C2C-47D4-BE25-76597FD50342}.Debug|Any CPU.ActiveCfg = Debug|Any CPU
		{86020163-1C2C-47D4-BE25-76597FD50342}.Debug|Any CPU.Build.0 = Debug|Any CPU
		{86020163-1C2C-47D4-BE25-76597FD50342}.Debug|ARM.ActiveCfg = Debug|Any CPU
		{86020163-1C2C-47D4-BE25-76597FD50342}.Debug|ARM.Build.0 = Debug|Any CPU
		{86020163-1C2C-47D4-BE25-76597FD50342}.Debug|ARM64.ActiveCfg = Debug|Any CPU
		{86020163-1C2C-47D4-BE25-76597FD50342}.Debug|ARM64.Build.0 = Debug|Any CPU
		{86020163-1C2C-47D4-BE25-76597FD50342}.Debug|x64.ActiveCfg = Debug|Any CPU
		{86020163-1C2C-47D4-BE25-76597FD50342}.Debug|x64.Build.0 = Debug|Any CPU
		{86020163-1C2C-47D4-BE25-76597FD50342}.Debug|x86.ActiveCfg = Debug|Any CPU
		{86020163-1C2C-47D4-BE25-76597FD50342}.Debug|x86.Build.0 = Debug|Any CPU
		{86020163-1C2C-47D4-BE25-76597FD50342}.Release|Any CPU.ActiveCfg = Release|Any CPU
		{86020163-1C2C-47D4-BE25-76597FD50342}.Release|Any CPU.Build.0 = Release|Any CPU
		{86020163-1C2C-47D4-BE25-76597FD50342}.Release|ARM.ActiveCfg = Release|Any CPU
		{86020163-1C2C-47D4-BE25-76597FD50342}.Release|ARM.Build.0 = Release|Any CPU
		{86020163-1C2C-47D4-BE25-76597FD50342}.Release|ARM64.ActiveCfg = Release|Any CPU
		{86020163-1C2C-47D4-BE25-76597FD50342}.Release|ARM64.Build.0 = Release|Any CPU
		{86020163-1C2C-47D4-BE25-76597FD50342}.Release|x64.ActiveCfg = Release|Any CPU
		{86020163-1C2C-47D4-BE25-76597FD50342}.Release|x64.Build.0 = Release|Any CPU
		{86020163-1C2C-47D4-BE25-76597FD50342}.Release|x86.ActiveCfg = Release|Any CPU
		{86020163-1C2C-47D4-BE25-76597FD50342}.Release|x86.Build.0 = Release|Any CPU
	EndGlobalSection
	GlobalSection(SolutionProperties) = preSolution
		HideSolutionNode = FALSE
	EndGlobalSection
	GlobalSection(NestedProjects) = preSolution
		{85C2D888-42F7-43EE-9D5B-FC07E031085D} = {71BC6297-6E86-4824-8F28-38A8EA8E5451}
	EndGlobalSection
	GlobalSection(ExtensibilityGlobals) = postSolution
		SolutionGuid = {14C55BC5-2218-447B-BD73-84531F9D35E1}
	EndGlobalSection
EndGlobal
